
Microsoft Visual Studio Solution File, Format Version 12.00
# Visual Studio Version 17
VisualStudioVersion = 17.8.34330.188
MinimumVisualStudioVersion = 10.0.40219.1
Project("{FAE04EC0-301F-11D3-BF4B-00C04F79EFBC}") = "EndProject", "EndProject\EndProject.csproj", "{4E39F3F1-E388-4369-919F-48CC3E74D34A}"
EndProject
Project("{FAE04EC0-301F-11D3-BF4B-00C04F79EFBC}") = "EndProject.Domain", "EndProject.Domain\EndProject.Domain.csproj", "{20E76DB5-8060-4C34-8CC1-687895CE60E6}"
EndProject
Project("{FAE04EC0-301F-11D3-BF4B-00C04F79EFBC}") = "EndProject.DataContext", "EndProject.DataContext\EndProject.DataContext.csproj", "{5B9621CA-883B-45A6-90FD-4FE003494972}"
EndProject
Global
	GlobalSection(SolutionConfigurationPlatforms) = preSolution
		Debug|Any CPU = Debug|Any CPU
		Release|Any CPU = Release|Any CPU
	EndGlobalSection
	GlobalSection(ProjectConfigurationPlatforms) = postSolution
		{4E39F3F1-E388-4369-919F-48CC3E74D34A}.Debug|Any CPU.ActiveCfg = Debug|Any CPU
		{4E39F3F1-E388-4369-919F-48CC3E74D34A}.Debug|Any CPU.Build.0 = Debug|Any CPU
		{4E39F3F1-E388-4369-919F-48CC3E74D34A}.Release|Any CPU.ActiveCfg = Release|Any CPU
		{4E39F3F1-E388-4369-919F-48CC3E74D34A}.Release|Any CPU.Build.0 = Release|Any CPU
		{20E76DB5-8060-4C34-8CC1-687895CE60E6}.Debug|Any CPU.ActiveCfg = Debug|Any CPU
		{20E76DB5-8060-4C34-8CC1-687895CE60E6}.Debug|Any CPU.Build.0 = Debug|Any CPU
		{20E76DB5-8060-4C34-8CC1-687895CE60E6}.Release|Any CPU.ActiveCfg = Release|Any CPU
		{20E76DB5-8060-4C34-8CC1-687895CE60E6}.Release|Any CPU.Build.0 = Release|Any CPU
		{5B9621CA-883B-45A6-90FD-4FE003494972}.Debug|Any CPU.ActiveCfg = Debug|Any CPU
		{5B9621CA-883B-45A6-90FD-4FE003494972}.Debug|Any CPU.Build.0 = Debug|Any CPU
		{5B9621CA-883B-45A6-90FD-4FE003494972}.Release|Any CPU.ActiveCfg = Release|Any CPU
		{5B9621CA-883B-45A6-90FD-4FE003494972}.Release|Any CPU.Build.0 = Release|Any CPU
	EndGlobalSection
	GlobalSection(SolutionProperties) = preSolution
		HideSolutionNode = FALSE
	EndGlobalSection
	GlobalSection(ExtensibilityGlobals) = postSolution
		SolutionGuid = {6978548E-5AC6-4607-97D5-B696D95EEEC9}
	EndGlobalSection
EndGlobal
